
Microsoft Visual Studio Solution File, Format Version 12.00
# Visual Studio Version 17
VisualStudioVersion = 17.3.32929.385
MinimumVisualStudioVersion = 10.0.40219.1
Project("{9A19103F-16F7-4668-BE54-9A1E7A4F7556}") = "2022", "2022.csproj", "{ADC3C44B-1FE4-4AC8-AEBA-ED5D633BDCAA}"
EndProject
Global
	GlobalSection(SolutionConfigurationPlatforms) = preSolution
		Debug|Any CPU = Debug|Any CPU
		Release|Any CPU = Release|Any CPU
	EndGlobalSection
	GlobalSection(ProjectConfigurationPlatforms) = postSolution
		{ADC3C44B-1FE4-4AC8-AEBA-ED5D633BDCAA}.Debug|Any CPU.ActiveCfg = Debug|Any CPU
		{ADC3C44B-1FE4-4AC8-AEBA-ED5D633BDCAA}.Debug|Any CPU.Build.0 = Debug|Any CPU
		{ADC3C44B-1FE4-4AC8-AEBA-ED5D633BDCAA}.Release|Any CPU.ActiveCfg = Release|Any CPU
		{ADC3C44B-1FE4-4AC8-AEBA-ED5D633BDCAA}.Release|Any CPU.Build.0 = Release|Any CPU
	EndGlobalSection
	GlobalSection(SolutionProperties) = preSolution
		HideSolutionNode = FALSE
	EndGlobalSection
	GlobalSection(ExtensibilityGlobals) = postSolution
		SolutionGuid = {2DED1831-7C0C-4F79-81B3-7AED1442B7DB}
	EndGlobalSection
EndGlobal
